// !$*UTF8*$!
{
	archiveVersion = 1;
	classes = {
	};
	objectVersion = 56;
	objects = {

/* Begin PBXBuildFile section */
		0B3487252B30932C00FA2E7D /* ColorFromHex.swift in Sources */ = {isa = PBXBuildFile; fileRef = 0B3487242B30932C00FA2E7D /* ColorFromHex.swift */; };
		0B9014EC2B30B6E800DEE004 /* HeaderComponentView.swift in Sources */ = {isa = PBXBuildFile; fileRef = 0B9014EB2B30B6E800DEE004 /* HeaderComponentView.swift */; };
		0B9014EE2B30BC1B00DEE004 /* FooterComponentView.swift in Sources */ = {isa = PBXBuildFile; fileRef = 0B9014ED2B30BC1B00DEE004 /* FooterComponentView.swift */; };
		0B95CE472B30DD33000B9FC6 /* ProductsByCategoryView.swift in Sources */ = {isa = PBXBuildFile; fileRef = 0B95CE462B30DD33000B9FC6 /* ProductsByCategoryView.swift */; };
		0B95CE4A2B30E585000B9FC6 /* ProductDetailsView.swift in Sources */ = {isa = PBXBuildFile; fileRef = 0B95CE492B30E585000B9FC6 /* ProductDetailsView.swift */; };
		0B95CE4C2B30EDC1000B9FC6 /* ImageCarouselComponentView.swift in Sources */ = {isa = PBXBuildFile; fileRef = 0B95CE4B2B30EDC1000B9FC6 /* ImageCarouselComponentView.swift */; };
		0B95CE4E2B30EE8F000B9FC6 /* ImageFromURL.swift in Sources */ = {isa = PBXBuildFile; fileRef = 0B95CE4D2B30EE8F000B9FC6 /* ImageFromURL.swift */; };
		0BCC96982B304E7500125D21 /* _7__StoreAppApp.swift in Sources */ = {isa = PBXBuildFile; fileRef = 0BCC96972B304E7500125D21 /* _7__StoreAppApp.swift */; };
		0BCC969A2B304E7500125D21 /* TabBarView.swift in Sources */ = {isa = PBXBuildFile; fileRef = 0BCC96992B304E7500125D21 /* TabBarView.swift */; };
		0BCC969C2B304E7700125D21 /* Assets.xcassets in Resources */ = {isa = PBXBuildFile; fileRef = 0BCC969B2B304E7700125D21 /* Assets.xcassets */; };
		0BCC969F2B304E7700125D21 /* Preview Assets.xcassets in Resources */ = {isa = PBXBuildFile; fileRef = 0BCC969E2B304E7700125D21 /* Preview Assets.xcassets */; };
		0BCC96A62B30501900125D21 /* MainView.swift in Sources */ = {isa = PBXBuildFile; fileRef = 0BCC96A52B30501900125D21 /* MainView.swift */; };
		0BCC96A82B30503000125D21 /* CategoriesView.swift in Sources */ = {isa = PBXBuildFile; fileRef = 0BCC96A72B30503000125D21 /* CategoriesView.swift */; };
		0BCC96AA2B30577C00125D21 /* ProductModel.swift in Sources */ = {isa = PBXBuildFile; fileRef = 0BCC96A92B30577C00125D21 /* ProductModel.swift */; };
		0BCC96AD2B3057BC00125D21 /* NetworkManager in Frameworks */ = {isa = PBXBuildFile; productRef = 0BCC96AC2B3057BC00125D21 /* NetworkManager */; };
		0BCC96AF2B3057DA00125D21 /* MainViewModel.swift in Sources */ = {isa = PBXBuildFile; fileRef = 0BCC96AE2B3057DA00125D21 /* MainViewModel.swift */; };
		0BCC96B72B3059A600125D21 /* ProductCardComponentView.swift in Sources */ = {isa = PBXBuildFile; fileRef = 0BCC96B62B3059A600125D21 /* ProductCardComponentView.swift */; };
/* End PBXBuildFile section */

/* Begin PBXFileReference section */
		0B3487242B30932C00FA2E7D /* ColorFromHex.swift */ = {isa = PBXFileReference; lastKnownFileType = sourcecode.swift; path = ColorFromHex.swift; sourceTree = "<group>"; };
		0B9014EB2B30B6E800DEE004 /* HeaderComponentView.swift */ = {isa = PBXFileReference; lastKnownFileType = sourcecode.swift; path = HeaderComponentView.swift; sourceTree = "<group>"; };
		0B9014ED2B30BC1B00DEE004 /* FooterComponentView.swift */ = {isa = PBXFileReference; lastKnownFileType = sourcecode.swift; path = FooterComponentView.swift; sourceTree = "<group>"; };
		0B95CE462B30DD33000B9FC6 /* ProductsByCategoryView.swift */ = {isa = PBXFileReference; lastKnownFileType = sourcecode.swift; path = ProductsByCategoryView.swift; sourceTree = "<group>"; };
		0B95CE492B30E585000B9FC6 /* ProductDetailsView.swift */ = {isa = PBXFileReference; lastKnownFileType = sourcecode.swift; path = ProductDetailsView.swift; sourceTree = "<group>"; };
		0B95CE4B2B30EDC1000B9FC6 /* ImageCarouselComponentView.swift */ = {isa = PBXFileReference; lastKnownFileType = sourcecode.swift; path = ImageCarouselComponentView.swift; sourceTree = "<group>"; };
		0B95CE4D2B30EE8F000B9FC6 /* ImageFromURL.swift */ = {isa = PBXFileReference; lastKnownFileType = sourcecode.swift; path = ImageFromURL.swift; sourceTree = "<group>"; };
		0BCC96942B304E7500125D21 /* 37. StoreApp.app */ = {isa = PBXFileReference; explicitFileType = wrapper.application; includeInIndex = 0; path = "37. StoreApp.app"; sourceTree = BUILT_PRODUCTS_DIR; };
		0BCC96972B304E7500125D21 /* _7__StoreAppApp.swift */ = {isa = PBXFileReference; lastKnownFileType = sourcecode.swift; path = _7__StoreAppApp.swift; sourceTree = "<group>"; };
		0BCC96992B304E7500125D21 /* TabBarView.swift */ = {isa = PBXFileReference; lastKnownFileType = sourcecode.swift; path = TabBarView.swift; sourceTree = "<group>"; };
		0BCC969B2B304E7700125D21 /* Assets.xcassets */ = {isa = PBXFileReference; lastKnownFileType = folder.assetcatalog; path = Assets.xcassets; sourceTree = "<group>"; };
		0BCC969E2B304E7700125D21 /* Preview Assets.xcassets */ = {isa = PBXFileReference; lastKnownFileType = folder.assetcatalog; path = "Preview Assets.xcassets"; sourceTree = "<group>"; };
		0BCC96A52B30501900125D21 /* MainView.swift */ = {isa = PBXFileReference; lastKnownFileType = sourcecode.swift; path = MainView.swift; sourceTree = "<group>"; };
		0BCC96A72B30503000125D21 /* CategoriesView.swift */ = {isa = PBXFileReference; lastKnownFileType = sourcecode.swift; path = CategoriesView.swift; sourceTree = "<group>"; };
		0BCC96A92B30577C00125D21 /* ProductModel.swift */ = {isa = PBXFileReference; lastKnownFileType = sourcecode.swift; path = ProductModel.swift; sourceTree = "<group>"; };
		0BCC96AE2B3057DA00125D21 /* MainViewModel.swift */ = {isa = PBXFileReference; lastKnownFileType = sourcecode.swift; path = MainViewModel.swift; sourceTree = "<group>"; };
		0BCC96B62B3059A600125D21 /* ProductCardComponentView.swift */ = {isa = PBXFileReference; lastKnownFileType = sourcecode.swift; path = ProductCardComponentView.swift; sourceTree = "<group>"; };
/* End PBXFileReference section */

/* Begin PBXFrameworksBuildPhase section */
		0BCC96912B304E7500125D21 /* Frameworks */ = {
			isa = PBXFrameworksBuildPhase;
			buildActionMask = 2147483647;
			files = (
				0BCC96AD2B3057BC00125D21 /* NetworkManager in Frameworks */,
			);
			runOnlyForDeploymentPostprocessing = 0;
		};
/* End PBXFrameworksBuildPhase section */

/* Begin PBXGroup section */
		0B3487232B3092C200FA2E7D /* Extensions */ = {
			isa = PBXGroup;
			children = (
				0B3487242B30932C00FA2E7D /* ColorFromHex.swift */,
			);
			path = Extensions;
			sourceTree = "<group>";
		};
		0B95CE452B30C592000B9FC6 /* ProductDetails */ = {
			isa = PBXGroup;
			children = (
				0B95CE492B30E585000B9FC6 /* ProductDetailsView.swift */,
			);
			path = ProductDetails;
			sourceTree = "<group>";
		};
		0BCC968B2B304E7500125D21 = {
			isa = PBXGroup;
			children = (
				0BCC96962B304E7500125D21 /* 37. StoreApp */,
				0BCC96952B304E7500125D21 /* Products */,
			);
			sourceTree = "<group>";
		};
		0BCC96952B304E7500125D21 /* Products */ = {
			isa = PBXGroup;
			children = (
				0BCC96942B304E7500125D21 /* 37. StoreApp.app */,
			);
			name = Products;
			sourceTree = "<group>";
		};
		0BCC96962B304E7500125D21 /* 37. StoreApp */ = {
			isa = PBXGroup;
			children = (
				0BCC96B52B30597600125D21 /* App */,
				0BCC96B12B3058ED00125D21 /* Model */,
				0BCC96B32B30591500125D21 /* Scenes */,
				0BCC96B42B30596300125D21 /* Components */,
				0B3487232B3092C200FA2E7D /* Extensions */,
				0BCC969D2B304E7700125D21 /* Preview Content */,
			);
			path = "37. StoreApp";
			sourceTree = "<group>";
		};
		0BCC969D2B304E7700125D21 /* Preview Content */ = {
			isa = PBXGroup;
			children = (
				0BCC969E2B304E7700125D21 /* Preview Assets.xcassets */,
			);
			path = "Preview Content";
			sourceTree = "<group>";
		};
		0BCC96B02B3058D700125D21 /* Main */ = {
			isa = PBXGroup;
			children = (
				0BCC96A52B30501900125D21 /* MainView.swift */,
				0BCC96AE2B3057DA00125D21 /* MainViewModel.swift */,
			);
			path = Main;
			sourceTree = "<group>";
		};
		0BCC96B12B3058ED00125D21 /* Model */ = {
			isa = PBXGroup;
			children = (
				0BCC96A92B30577C00125D21 /* ProductModel.swift */,
			);
			path = Model;
			sourceTree = "<group>";
		};
		0BCC96B22B3058F900125D21 /* Categories */ = {
			isa = PBXGroup;
			children = (
				0BCC96A72B30503000125D21 /* CategoriesView.swift */,
				0B95CE462B30DD33000B9FC6 /* ProductsByCategoryView.swift */,
			);
			path = Categories;
			sourceTree = "<group>";
		};
		0BCC96B32B30591500125D21 /* Scenes */ = {
			isa = PBXGroup;
			children = (
				0B95CE452B30C592000B9FC6 /* ProductDetails */,
				0BCC96992B304E7500125D21 /* TabBarView.swift */,
				0BCC96B02B3058D700125D21 /* Main */,
				0BCC96B22B3058F900125D21 /* Categories */,
			);
			path = Scenes;
			sourceTree = "<group>";
		};
		0BCC96B42B30596300125D21 /* Components */ = {
			isa = PBXGroup;
			children = (
				0BCC96B62B3059A600125D21 /* ProductCardComponentView.swift */,
				0B9014EB2B30B6E800DEE004 /* HeaderComponentView.swift */,
				0B9014ED2B30BC1B00DEE004 /* FooterComponentView.swift */,
				0B95CE4B2B30EDC1000B9FC6 /* ImageCarouselComponentView.swift */,
				0B95CE4D2B30EE8F000B9FC6 /* ImageFromURL.swift */,
			);
			path = Components;
			sourceTree = "<group>";
		};
		0BCC96B52B30597600125D21 /* App */ = {
			isa = PBXGroup;
			children = (
				0BCC96972B304E7500125D21 /* _7__StoreAppApp.swift */,
				0BCC969B2B304E7700125D21 /* Assets.xcassets */,
			);
			path = App;
			sourceTree = "<group>";
		};
/* End PBXGroup section */

/* Begin PBXNativeTarget section */
		0BCC96932B304E7500125D21 /* 37. StoreApp */ = {
			isa = PBXNativeTarget;
			buildConfigurationList = 0BCC96A22B304E7700125D21 /* Build configuration list for PBXNativeTarget "37. StoreApp" */;
			buildPhases = (
				0BCC96902B304E7500125D21 /* Sources */,
				0BCC96912B304E7500125D21 /* Frameworks */,
				0BCC96922B304E7500125D21 /* Resources */,
			);
			buildRules = (
			);
			dependencies = (
			);
			name = "37. StoreApp";
			packageProductDependencies = (
				0BCC96AC2B3057BC00125D21 /* NetworkManager */,
			);
			productName = "37. StoreApp";
			productReference = 0BCC96942B304E7500125D21 /* 37. StoreApp.app */;
			productType = "com.apple.product-type.application";
		};
/* End PBXNativeTarget section */

/* Begin PBXProject section */
		0BCC968C2B304E7500125D21 /* Project object */ = {
			isa = PBXProject;
			attributes = {
				BuildIndependentTargetsInParallel = 1;
				LastSwiftUpdateCheck = 1500;
				LastUpgradeCheck = 1500;
				TargetAttributes = {
					0BCC96932B304E7500125D21 = {
						CreatedOnToolsVersion = 15.0;
					};
				};
			};
			buildConfigurationList = 0BCC968F2B304E7500125D21 /* Build configuration list for PBXProject "37. StoreApp" */;
			compatibilityVersion = "Xcode 14.0";
			developmentRegion = en;
			hasScannedForEncodings = 0;
			knownRegions = (
				en,
				Base,
			);
			mainGroup = 0BCC968B2B304E7500125D21;
			packageReferences = (
				0BCC96AB2B3057BC00125D21 /* XCRemoteSwiftPackageReference "NetworkManager" */,
			);
			productRefGroup = 0BCC96952B304E7500125D21 /* Products */;
			projectDirPath = "";
			projectRoot = "";
			targets = (
				0BCC96932B304E7500125D21 /* 37. StoreApp */,
			);
		};
/* End PBXProject section */

/* Begin PBXResourcesBuildPhase section */
		0BCC96922B304E7500125D21 /* Resources */ = {
			isa = PBXResourcesBuildPhase;
			buildActionMask = 2147483647;
			files = (
				0BCC969F2B304E7700125D21 /* Preview Assets.xcassets in Resources */,
				0BCC969C2B304E7700125D21 /* Assets.xcassets in Resources */,
			);
			runOnlyForDeploymentPostprocessing = 0;
		};
/* End PBXResourcesBuildPhase section */

/* Begin PBXSourcesBuildPhase section */
		0BCC96902B304E7500125D21 /* Sources */ = {
			isa = PBXSourcesBuildPhase;
			buildActionMask = 2147483647;
			files = (
				0B9014EC2B30B6E800DEE004 /* HeaderComponentView.swift in Sources */,
				0BCC96A82B30503000125D21 /* CategoriesView.swift in Sources */,
				0BCC969A2B304E7500125D21 /* TabBarView.swift in Sources */,
				0BCC96A62B30501900125D21 /* MainView.swift in Sources */,
				0BCC96B72B3059A600125D21 /* ProductCardComponentView.swift in Sources */,
				0B95CE4A2B30E585000B9FC6 /* ProductDetailsView.swift in Sources */,
				0BCC96982B304E7500125D21 /* _7__StoreAppApp.swift in Sources */,
				0B95CE4E2B30EE8F000B9FC6 /* ImageFromURL.swift in Sources */,
				0B3487252B30932C00FA2E7D /* ColorFromHex.swift in Sources */,
				0B95CE4C2B30EDC1000B9FC6 /* ImageCarouselComponentView.swift in Sources */,
				0B9014EE2B30BC1B00DEE004 /* FooterComponentView.swift in Sources */,
				0B95CE472B30DD33000B9FC6 /* ProductsByCategoryView.swift in Sources */,
				0BCC96AA2B30577C00125D21 /* ProductModel.swift in Sources */,
				0BCC96AF2B3057DA00125D21 /* MainViewModel.swift in Sources */,
			);
			runOnlyForDeploymentPostprocessing = 0;
		};
/* End PBXSourcesBuildPhase section */

/* Begin XCBuildConfiguration section */
		0BCC96A02B304E7700125D21 /* Debug */ = {
			isa = XCBuildConfiguration;
			buildSettings = {
				ALWAYS_SEARCH_USER_PATHS = NO;
				ASSETCATALOG_COMPILER_GENERATE_SWIFT_ASSET_SYMBOL_EXTENSIONS = YES;
				CLANG_ANALYZER_NONNULL = YES;
				CLANG_ANALYZER_NUMBER_OBJECT_CONVERSION = YES_AGGRESSIVE;
				CLANG_CXX_LANGUAGE_STANDARD = "gnu++20";
				CLANG_ENABLE_MODULES = YES;
				CLANG_ENABLE_OBJC_ARC = YES;
				CLANG_ENABLE_OBJC_WEAK = YES;
				CLANG_WARN_BLOCK_CAPTURE_AUTORELEASING = YES;
				CLANG_WARN_BOOL_CONVERSION = YES;
				CLANG_WARN_COMMA = YES;
				CLANG_WARN_CONSTANT_CONVERSION = YES;
				CLANG_WARN_DEPRECATED_OBJC_IMPLEMENTATIONS = YES;
				CLANG_WARN_DIRECT_OBJC_ISA_USAGE = YES_ERROR;
				CLANG_WARN_DOCUMENTATION_COMMENTS = YES;
				CLANG_WARN_EMPTY_BODY = YES;
				CLANG_WARN_ENUM_CONVERSION = YES;
				CLANG_WARN_INFINITE_RECURSION = YES;
				CLANG_WARN_INT_CONVERSION = YES;
				CLANG_WARN_NON_LITERAL_NULL_CONVERSION = YES;
				CLANG_WARN_OBJC_IMPLICIT_RETAIN_SELF = YES;
				CLANG_WARN_OBJC_LITERAL_CONVERSION = YES;
				CLANG_WARN_OBJC_ROOT_CLASS = YES_ERROR;
				CLANG_WARN_QUOTED_INCLUDE_IN_FRAMEWORK_HEADER = YES;
				CLANG_WARN_RANGE_LOOP_ANALYSIS = YES;
				CLANG_WARN_STRICT_PROTOTYPES = YES;
				CLANG_WARN_SUSPICIOUS_MOVE = YES;
				CLANG_WARN_UNGUARDED_AVAILABILITY = YES_AGGRESSIVE;
				CLANG_WARN_UNREACHABLE_CODE = YES;
				CLANG_WARN__DUPLICATE_METHOD_MATCH = YES;
				COPY_PHASE_STRIP = NO;
				DEBUG_INFORMATION_FORMAT = dwarf;
				ENABLE_STRICT_OBJC_MSGSEND = YES;
				ENABLE_TESTABILITY = YES;
				ENABLE_USER_SCRIPT_SANDBOXING = YES;
				GCC_C_LANGUAGE_STANDARD = gnu17;
				GCC_DYNAMIC_NO_PIC = NO;
				GCC_NO_COMMON_BLOCKS = YES;
				GCC_OPTIMIZATION_LEVEL = 0;
				GCC_PREPROCESSOR_DEFINITIONS = (
					"DEBUG=1",
					"$(inherited)",
				);
				GCC_WARN_64_TO_32_BIT_CONVERSION = YES;
				GCC_WARN_ABOUT_RETURN_TYPE = YES_ERROR;
				GCC_WARN_UNDECLARED_SELECTOR = YES;
				GCC_WARN_UNINITIALIZED_AUTOS = YES_AGGRESSIVE;
				GCC_WARN_UNUSED_FUNCTION = YES;
				GCC_WARN_UNUSED_VARIABLE = YES;
				IPHONEOS_DEPLOYMENT_TARGET = 17.0;
				LOCALIZATION_PREFERS_STRING_CATALOGS = YES;
				MTL_ENABLE_DEBUG_INFO = INCLUDE_SOURCE;
				MTL_FAST_MATH = YES;
				ONLY_ACTIVE_ARCH = YES;
				SDKROOT = iphoneos;
				SWIFT_ACTIVE_COMPILATION_CONDITIONS = "DEBUG $(inherited)";
				SWIFT_OPTIMIZATION_LEVEL = "-Onone";
			};
			name = Debug;
		};
		0BCC96A12B304E7700125D21 /* Release */ = {
			isa = XCBuildConfiguration;
			buildSettings = {
				ALWAYS_SEARCH_USER_PATHS = NO;
				ASSETCATALOG_COMPILER_GENERATE_SWIFT_ASSET_SYMBOL_EXTENSIONS = YES;
				CLANG_ANALYZER_NONNULL = YES;
				CLANG_ANALYZER_NUMBER_OBJECT_CONVERSION = YES_AGGRESSIVE;
				CLANG_CXX_LANGUAGE_STANDARD = "gnu++20";
				CLANG_ENABLE_MODULES = YES;
				CLANG_ENABLE_OBJC_ARC = YES;
				CLANG_ENABLE_OBJC_WEAK = YES;
				CLANG_WARN_BLOCK_CAPTURE_AUTORELEASING = YES;
				CLANG_WARN_BOOL_CONVERSION = YES;
				CLANG_WARN_COMMA = YES;
				CLANG_WARN_CONSTANT_CONVERSION = YES;
				CLANG_WARN_DEPRECATED_OBJC_IMPLEMENTATIONS = YES;
				CLANG_WARN_DIRECT_OBJC_ISA_USAGE = YES_ERROR;
				CLANG_WARN_DOCUMENTATION_COMMENTS = YES;
				CLANG_WARN_EMPTY_BODY = YES;
				CLANG_WARN_ENUM_CONVERSION = YES;
				CLANG_WARN_INFINITE_RECURSION = YES;
				CLANG_WARN_INT_CONVERSION = YES;
				CLANG_WARN_NON_LITERAL_NULL_CONVERSION = YES;
				CLANG_WARN_OBJC_IMPLICIT_RETAIN_SELF = YES;
				CLANG_WARN_OBJC_LITERAL_CONVERSION = YES;
				CLANG_WARN_OBJC_ROOT_CLASS = YES_ERROR;
				CLANG_WARN_QUOTED_INCLUDE_IN_FRAMEWORK_HEADER = YES;
				CLANG_WARN_RANGE_LOOP_ANALYSIS = YES;
				CLANG_WARN_STRICT_PROTOTYPES = YES;
				CLANG_WARN_SUSPICIOUS_MOVE = YES;
				CLANG_WARN_UNGUARDED_AVAILABILITY = YES_AGGRESSIVE;
				CLANG_WARN_UNREACHABLE_CODE = YES;
				CLANG_WARN__DUPLICATE_METHOD_MATCH = YES;
				COPY_PHASE_STRIP = NO;
				DEBUG_INFORMATION_FORMAT = "dwarf-with-dsym";
				ENABLE_NS_ASSERTIONS = NO;
				ENABLE_STRICT_OBJC_MSGSEND = YES;
				ENABLE_USER_SCRIPT_SANDBOXING = YES;
				GCC_C_LANGUAGE_STANDARD = gnu17;
				GCC_NO_COMMON_BLOCKS = YES;
				GCC_WARN_64_TO_32_BIT_CONVERSION = YES;
				GCC_WARN_ABOUT_RETURN_TYPE = YES_ERROR;
				GCC_WARN_UNDECLARED_SELECTOR = YES;
				GCC_WARN_UNINITIALIZED_AUTOS = YES_AGGRESSIVE;
				GCC_WARN_UNUSED_FUNCTION = YES;
				GCC_WARN_UNUSED_VARIABLE = YES;
				IPHONEOS_DEPLOYMENT_TARGET = 17.0;
				LOCALIZATION_PREFERS_STRING_CATALOGS = YES;
				MTL_ENABLE_DEBUG_INFO = NO;
				MTL_FAST_MATH = YES;
				SDKROOT = iphoneos;
				SWIFT_COMPILATION_MODE = wholemodule;
				VALIDATE_PRODUCT = YES;
			};
			name = Release;
		};
		0BCC96A32B304E7700125D21 /* Debug */ = {
			isa = XCBuildConfiguration;
			buildSettings = {
				ASSETCATALOG_COMPILER_APPICON_NAME = AppIcon;
				ASSETCATALOG_COMPILER_GLOBAL_ACCENT_COLOR_NAME = AccentColor;
				CODE_SIGN_STYLE = Automatic;
				CURRENT_PROJECT_VERSION = 1;
				DEVELOPMENT_ASSET_PATHS = "\"37. StoreApp/Preview Content\"";
				DEVELOPMENT_TEAM = 29X5XJV3CC;
				ENABLE_PREVIEWS = YES;
				GENERATE_INFOPLIST_FILE = YES;
				INFOPLIST_KEY_UIApplicationSceneManifest_Generation = YES;
				INFOPLIST_KEY_UIApplicationSupportsIndirectInputEvents = YES;
				INFOPLIST_KEY_UILaunchScreen_Generation = YES;
				INFOPLIST_KEY_UISupportedInterfaceOrientations_iPad = "UIInterfaceOrientationPortrait UIInterfaceOrientationPortraitUpsideDown UIInterfaceOrientationLandscapeLeft UIInterfaceOrientationLandscapeRight";
				INFOPLIST_KEY_UISupportedInterfaceOrientations_iPhone = "UIInterfaceOrientationPortrait UIInterfaceOrientationLandscapeLeft UIInterfaceOrientationLandscapeRight";
				LD_RUNPATH_SEARCH_PATHS = (
					"$(inherited)",
					"@executable_path/Frameworks",
				);
				MARKETING_VERSION = 1.0;
				PRODUCT_BUNDLE_IDENTIFIER = "Sesili.Tsikaridze.-7--StoreApp";
				PRODUCT_NAME = "$(TARGET_NAME)";
				SWIFT_EMIT_LOC_STRINGS = YES;
				SWIFT_VERSION = 5.0;
				TARGETED_DEVICE_FAMILY = "1,2";
			};
			name = Debug;
		};
		0BCC96A42B304E7700125D21 /* Release */ = {
			isa = XCBuildConfiguration;
			buildSettings = {
				ASSETCATALOG_COMPILER_APPICON_NAME = AppIcon;
				ASSETCATALOG_COMPILER_GLOBAL_ACCENT_COLOR_NAME = AccentColor;
				CODE_SIGN_STYLE = Automatic;
				CURRENT_PROJECT_VERSION = 1;
				DEVELOPMENT_ASSET_PATHS = "\"37. StoreApp/Preview Content\"";
				DEVELOPMENT_TEAM = 29X5XJV3CC;
				ENABLE_PREVIEWS = YES;
				GENERATE_INFOPLIST_FILE = YES;
				INFOPLIST_KEY_UIApplicationSceneManifest_Generation = YES;
				INFOPLIST_KEY_UIApplicationSupportsIndirectInputEvents = YES;
				INFOPLIST_KEY_UILaunchScreen_Generation = YES;
				INFOPLIST_KEY_UISupportedInterfaceOrientations_iPad = "UIInterfaceOrientationPortrait UIInterfaceOrientationPortraitUpsideDown UIInterfaceOrientationLandscapeLeft UIInterfaceOrientationLandscapeRight";
				INFOPLIST_KEY_UISupportedInterfaceOrientations_iPhone = "UIInterfaceOrientationPortrait UIInterfaceOrientationLandscapeLeft UIInterfaceOrientationLandscapeRight";
				LD_RUNPATH_SEARCH_PATHS = (
					"$(inherited)",
					"@executable_path/Frameworks",
				);
				MARKETING_VERSION = 1.0;
				PRODUCT_BUNDLE_IDENTIFIER = "Sesili.Tsikaridze.-7--StoreApp";
				PRODUCT_NAME = "$(TARGET_NAME)";
				SWIFT_EMIT_LOC_STRINGS = YES;
				SWIFT_VERSION = 5.0;
				TARGETED_DEVICE_FAMILY = "1,2";
			};
			name = Release;
		};
/* End XCBuildConfiguration section */

/* Begin XCConfigurationList section */
		0BCC968F2B304E7500125D21 /* Build configuration list for PBXProject "37. StoreApp" */ = {
			isa = XCConfigurationList;
			buildConfigurations = (
				0BCC96A02B304E7700125D21 /* Debug */,
				0BCC96A12B304E7700125D21 /* Release */,
			);
			defaultConfigurationIsVisible = 0;
			defaultConfigurationName = Release;
		};
		0BCC96A22B304E7700125D21 /* Build configuration list for PBXNativeTarget "37. StoreApp" */ = {
			isa = XCConfigurationList;
			buildConfigurations = (
				0BCC96A32B304E7700125D21 /* Debug */,
				0BCC96A42B304E7700125D21 /* Release */,
			);
			defaultConfigurationIsVisible = 0;
			defaultConfigurationName = Release;
		};
/* End XCConfigurationList section */

/* Begin XCRemoteSwiftPackageReference section */
		0BCC96AB2B3057BC00125D21 /* XCRemoteSwiftPackageReference "NetworkManager" */ = {
			isa = XCRemoteSwiftPackageReference;
			repositoryURL = "https://github.com/SesiliTs/NetworkManager";
			requirement = {
				branch = main;
				kind = branch;
			};
		};
/* End XCRemoteSwiftPackageReference section */

/* Begin XCSwiftPackageProductDependency section */
		0BCC96AC2B3057BC00125D21 /* NetworkManager */ = {
			isa = XCSwiftPackageProductDependency;
			package = 0BCC96AB2B3057BC00125D21 /* XCRemoteSwiftPackageReference "NetworkManager" */;
			productName = NetworkManager;
		};
/* End XCSwiftPackageProductDependency section */
	};
	rootObject = 0BCC968C2B304E7500125D21 /* Project object */;
}
